
Microsoft Visual Studio Solution File, Format Version 12.00
# Visual Studio Version 17
VisualStudioVersion = 17.13.35913.81 d17.13
MinimumVisualStudioVersion = 10.0.40219.1
Project("{FAE04EC0-301F-11D3-BF4B-00C04F79EFBC}") = "eLEARNING_GROUP3", "eLEARNING_GROUP3\eLEARNING_GROUP3.csproj", "{FF2EBBE0-066B-4610-9BE7-1A9FEED1FA2A}"
EndProject
Global
	GlobalSection(SolutionConfigurationPlatforms) = preSolution
		Debug|Any CPU = Debug|Any CPU
		Release|Any CPU = Release|Any CPU
	EndGlobalSection
	GlobalSection(ProjectConfigurationPlatforms) = postSolution
		{FF2EBBE0-066B-4610-9BE7-1A9FEED1FA2A}.Debug|Any CPU.ActiveCfg = Debug|Any CPU
		{FF2EBBE0-066B-4610-9BE7-1A9FEED1FA2A}.Debug|Any CPU.Build.0 = Debug|Any CPU
		{FF2EBBE0-066B-4610-9BE7-1A9FEED1FA2A}.Release|Any CPU.ActiveCfg = Release|Any CPU
		{FF2EBBE0-066B-4610-9BE7-1A9FEED1FA2A}.Release|Any CPU.Build.0 = Release|Any CPU
	EndGlobalSection
	GlobalSection(SolutionProperties) = preSolution
		HideSolutionNode = FALSE
	EndGlobalSection
	GlobalSection(ExtensibilityGlobals) = postSolution
		SolutionGuid = {3D4C172E-4F88-4225-BA8F-1345CE31E54D}
	EndGlobalSection
EndGlobal
